{
  "version": 4,
  "terraform_version": "1.7.4",
  "serial": 71,
  "lineage": "8b24e402-ff79-1a6a-03fc-29e20176c653",
  "outputs": {
    "server_ip_address": {
      "value": "51.137.99.119",
      "type": "string"
    }
  },
  "resources": [
    {
      "mode": "managed",
      "type": "azurerm_linux_virtual_machine",
      "name": "monitoring-server",
      "provider": "provider[\"registry.terraform.io/hashicorp/azurerm\"]",
      "instances": [
        {
          "schema_version": 0,
          "attributes": {
            "additional_capabilities": [],
            "admin_password": null,
            "admin_ssh_key": [
              {
                "public_key": "ssh-rsa AAAAB3NzaC1yc2EAAAADAQABAAACAQC3wFATWOJ7ns2PmkcWK2l9lbj3NWYQRT0nR+/Ose5QklovPg5BmDue/0auIpY4Z+U3UtWaic/4iisPCd+f+W4FooU0a+pNEhY5on7RLyTFXPxmBXcpzzgISvAyQZ46uW9+XY9ZhvBjtAYJZ8d9JVPnHpcBTXPfxTIKKSTxPscSnq0phTs+iIFEuMwJD0kfBc9G5XhKimSpKi3AUc5FqTVGu3sJ46BZKmlv5arglhmyQPHMgbCWkmEiUSySl4HIht99j+fdbn2GnSo5N8lqSb8g2VoUmAHj5ZsWOlsGuImWh65j30Eqlki+5LbsVg/m3e9G0ULvSY9TtFRHzn99cj5f3NTebGjd5OwWDFReGOg+EJ1eKAc5wkIzvfezzPw2HZYmA3d91AfcjrvmcHRlryBeQbPMTVq23ViU+wUuA6MnL8o2h2BPgESV8njjAhUP8SnJCg7sqRb7cLFcDklh7k7APz9nZmaSD+QMwxUK6X7SU7erpgA1cBEbSt1Is0pClBWTgR+cixYDoys8SWtApCktoRqqMgWJox6NEGdnULCqFjmS78Eq4xZSN+DYdBNy6VfPoPtMG6Vrz3PMMIx8YZ6MHx7kTvXXBkblliWZz/xIdvT3K1bINx/qIfedSRYWw/Yw7DXLcmI9BwNNOMV+vgq+O9waR2qNt1PNmN2NutWMHQ== tbn.khalil@gmail.com\n",
                "username": "khalil"
              }
            ],
            "admin_username": "khalil",
            "allow_extension_operations": true,
            "availability_set_id": "",
            "boot_diagnostics": [],
            "bypass_platform_safety_checks_on_user_schedule_enabled": false,
            "capacity_reservation_group_id": "",
            "computer_name": "monitoring-server",
            "custom_data": null,
            "dedicated_host_group_id": "",
            "dedicated_host_id": "",
            "disable_password_authentication": true,
            "edge_zone": "",
            "encryption_at_host_enabled": false,
            "eviction_policy": "",
            "extensions_time_budget": "PT1H30M",
            "gallery_application": [],
            "id": "/subscriptions/d9a30ada-44fb-49f6-b1fa-42b70a149794/resourceGroups/monitoring_server_group/providers/Microsoft.Compute/virtualMachines/monitoring-server",
            "identity": [],
            "license_type": "",
            "location": "westeurope",
            "max_bid_price": -1,
            "name": "monitoring-server",
            "network_interface_ids": [
              "/subscriptions/d9a30ada-44fb-49f6-b1fa-42b70a149794/resourceGroups/monitoring_server_group/providers/Microsoft.Network/networkInterfaces/monitoring-server-nic"
            ],
            "os_disk": [
              {
                "caching": "ReadWrite",
                "diff_disk_settings": [],
                "disk_encryption_set_id": "",
                "disk_size_gb": 30,
                "name": "monitoring-server_disk1_08209b0ce5dd459b95b936a4713692e1",
                "secure_vm_disk_encryption_set_id": "",
                "security_encryption_type": "",
                "storage_account_type": "Standard_LRS",
                "write_accelerator_enabled": false
              }
            ],
            "patch_assessment_mode": "ImageDefault",
            "patch_mode": "ImageDefault",
            "plan": [],
            "platform_fault_domain": -1,
            "priority": "Regular",
            "private_ip_address": "10.0.2.4",
            "private_ip_addresses": [
              "10.0.2.4"
            ],
            "provision_vm_agent": true,
            "proximity_placement_group_id": "",
            "public_ip_address": "51.137.99.119",
            "public_ip_addresses": [
              "51.137.99.119"
            ],
            "reboot_setting": "",
            "resource_group_name": "monitoring_server_group",
            "secret": [],
            "secure_boot_enabled": false,
            "size": "Standard_DS1_v2",
            "source_image_id": "",
            "source_image_reference": [
              {
                "offer": "0001-com-ubuntu-server-focal",
                "publisher": "Canonical",
                "sku": "20_04-lts",
                "version": "latest"
              }
            ],
            "tags": null,
            "termination_notification": null,
            "timeouts": null,
            "user_data": "",
            "virtual_machine_id": "6846770b-a594-4c8c-92cd-9e73a9711a7e",
            "virtual_machine_scale_set_id": "",
            "vtpm_enabled": false,
            "zone": ""
          },
          "sensitive_attributes": [],
          "private": "eyJlMmJmYjczMC1lY2FhLTExZTYtOGY4OC0zNDM2M2JjN2M0YzAiOnsiY3JlYXRlIjoyNzAwMDAwMDAwMDAwLCJkZWxldGUiOjI3MDAwMDAwMDAwMDAsInJlYWQiOjMwMDAwMDAwMDAwMCwidXBkYXRlIjoyNzAwMDAwMDAwMDAwfX0=",
          "dependencies": [
            "azurerm_network_interface.monitoring_server_interface",
            "azurerm_public_ip.public_ip",
            "azurerm_resource_group.monitoring_server_resource_group",
            "azurerm_subnet.monitoring_server_subnet",
            "azurerm_virtual_network.monitoring_server_vn"
          ]
        }
      ]
    },
    {
      "mode": "managed",
      "type": "azurerm_network_interface",
      "name": "monitoring_server_interface",
      "provider": "provider[\"registry.terraform.io/hashicorp/azurerm\"]",
      "instances": [
        {
          "schema_version": 0,
          "attributes": {
            "applied_dns_servers": [],
            "dns_servers": [],
            "edge_zone": "",
            "enable_accelerated_networking": false,
            "enable_ip_forwarding": false,
            "id": "/subscriptions/d9a30ada-44fb-49f6-b1fa-42b70a149794/resourceGroups/monitoring_server_group/providers/Microsoft.Network/networkInterfaces/monitoring-server-nic",
            "internal_dns_name_label": "",
            "internal_domain_name_suffix": "hu5i2plrw2herluioi4vutiulc.ax.internal.cloudapp.net",
            "ip_configuration": [
              {
                "gateway_load_balancer_frontend_ip_configuration_id": "",
                "name": "internal",
                "primary": true,
                "private_ip_address": "10.0.2.4",
                "private_ip_address_allocation": "Dynamic",
                "private_ip_address_version": "IPv4",
                "public_ip_address_id": "/subscriptions/d9a30ada-44fb-49f6-b1fa-42b70a149794/resourceGroups/monitoring_server_group/providers/Microsoft.Network/publicIPAddresses/myvmconnect",
                "subnet_id": "/subscriptions/d9a30ada-44fb-49f6-b1fa-42b70a149794/resourceGroups/monitoring_server_group/providers/Microsoft.Network/virtualNetworks/monitoring_server_network/subnets/internal"
              }
            ],
            "location": "westeurope",
            "mac_address": "",
            "name": "monitoring-server-nic",
            "private_ip_address": "10.0.2.4",
            "private_ip_addresses": [
              "10.0.2.4"
            ],
            "resource_group_name": "monitoring_server_group",
            "tags": null,
            "timeouts": null,
            "virtual_machine_id": ""
          },
          "sensitive_attributes": [],
          "private": "eyJlMmJmYjczMC1lY2FhLTExZTYtOGY4OC0zNDM2M2JjN2M0YzAiOnsiY3JlYXRlIjoxODAwMDAwMDAwMDAwLCJkZWxldGUiOjE4MDAwMDAwMDAwMDAsInJlYWQiOjMwMDAwMDAwMDAwMCwidXBkYXRlIjoxODAwMDAwMDAwMDAwfX0=",
          "dependencies": [
            "azurerm_public_ip.public_ip",
            "azurerm_resource_group.monitoring_server_resource_group",
            "azurerm_subnet.monitoring_server_subnet",
            "azurerm_virtual_network.monitoring_server_vn"
          ]
        }
      ]
    },
    {
      "mode": "managed",
      "type": "azurerm_public_ip",
      "name": "public_ip",
      "provider": "provider[\"registry.terraform.io/hashicorp/azurerm\"]",
      "instances": [
        {
          "schema_version": 0,
          "attributes": {
            "allocation_method": "Static",
            "ddos_protection_mode": "VirtualNetworkInherited",
            "ddos_protection_plan_id": null,
            "domain_name_label": null,
            "edge_zone": "",
            "fqdn": null,
            "id": "/subscriptions/d9a30ada-44fb-49f6-b1fa-42b70a149794/resourceGroups/monitoring_server_group/providers/Microsoft.Network/publicIPAddresses/myvmconnect",
            "idle_timeout_in_minutes": 4,
            "ip_address": "51.137.99.119",
            "ip_tags": null,
            "ip_version": "IPv4",
            "location": "westeurope",
            "name": "myvmconnect",
            "public_ip_prefix_id": null,
            "resource_group_name": "monitoring_server_group",
            "reverse_fqdn": null,
            "sku": "Basic",
            "sku_tier": "Regional",
            "tags": null,
            "timeouts": null,
            "zones": null
          },
          "sensitive_attributes": [],
          "private": "eyJlMmJmYjczMC1lY2FhLTExZTYtOGY4OC0zNDM2M2JjN2M0YzAiOnsiY3JlYXRlIjoxODAwMDAwMDAwMDAwLCJkZWxldGUiOjE4MDAwMDAwMDAwMDAsInJlYWQiOjMwMDAwMDAwMDAwMCwidXBkYXRlIjoxODAwMDAwMDAwMDAwfX0=",
          "dependencies": [
            "azurerm_resource_group.monitoring_server_resource_group"
          ]
        }
      ]
    },
    {
      "mode": "managed",
      "type": "azurerm_resource_group",
      "name": "monitoring_server_resource_group",
      "provider": "provider[\"registry.terraform.io/hashicorp/azurerm\"]",
      "instances": [
        {
          "schema_version": 0,
          "attributes": {
            "id": "/subscriptions/d9a30ada-44fb-49f6-b1fa-42b70a149794/resourceGroups/monitoring_server_group",
            "location": "westeurope",
            "managed_by": "",
            "name": "monitoring_server_group",
            "tags": null,
            "timeouts": null
          },
          "sensitive_attributes": [],
          "private": "eyJlMmJmYjczMC1lY2FhLTExZTYtOGY4OC0zNDM2M2JjN2M0YzAiOnsiY3JlYXRlIjo1NDAwMDAwMDAwMDAwLCJkZWxldGUiOjU0MDAwMDAwMDAwMDAsInJlYWQiOjMwMDAwMDAwMDAwMCwidXBkYXRlIjo1NDAwMDAwMDAwMDAwfX0="
        }
      ]
    },
    {
      "mode": "managed",
      "type": "azurerm_subnet",
      "name": "monitoring_server_subnet",
      "provider": "provider[\"registry.terraform.io/hashicorp/azurerm\"]",
      "instances": [
        {
          "schema_version": 0,
          "attributes": {
            "address_prefixes": [
              "10.0.2.0/24"
            ],
            "delegation": [],
            "enforce_private_link_endpoint_network_policies": false,
            "enforce_private_link_service_network_policies": false,
            "id": "/subscriptions/d9a30ada-44fb-49f6-b1fa-42b70a149794/resourceGroups/monitoring_server_group/providers/Microsoft.Network/virtualNetworks/monitoring_server_network/subnets/internal",
            "name": "internal",
            "private_endpoint_network_policies_enabled": true,
            "private_link_service_network_policies_enabled": true,
            "resource_group_name": "monitoring_server_group",
            "service_endpoint_policy_ids": null,
            "service_endpoints": null,
            "timeouts": null,
            "virtual_network_name": "monitoring_server_network"
          },
          "sensitive_attributes": [],
          "private": "eyJlMmJmYjczMC1lY2FhLTExZTYtOGY4OC0zNDM2M2JjN2M0YzAiOnsiY3JlYXRlIjoxODAwMDAwMDAwMDAwLCJkZWxldGUiOjE4MDAwMDAwMDAwMDAsInJlYWQiOjMwMDAwMDAwMDAwMCwidXBkYXRlIjoxODAwMDAwMDAwMDAwfX0=",
          "dependencies": [
            "azurerm_resource_group.monitoring_server_resource_group",
            "azurerm_virtual_network.monitoring_server_vn"
          ]
        }
      ]
    },
    {
      "mode": "managed",
      "type": "azurerm_virtual_network",
      "name": "monitoring_server_vn",
      "provider": "provider[\"registry.terraform.io/hashicorp/azurerm\"]",
      "instances": [
        {
          "schema_version": 0,
          "attributes": {
            "address_space": [
              "10.0.0.0/16"
            ],
            "bgp_community": "",
            "ddos_protection_plan": [],
            "dns_servers": [],
            "edge_zone": "",
            "encryption": [],
            "flow_timeout_in_minutes": 0,
            "guid": "3d8e3e3d-b771-480e-ae88-723d5a4d145a",
            "id": "/subscriptions/d9a30ada-44fb-49f6-b1fa-42b70a149794/resourceGroups/monitoring_server_group/providers/Microsoft.Network/virtualNetworks/monitoring_server_network",
            "location": "westeurope",
            "name": "monitoring_server_network",
            "resource_group_name": "monitoring_server_group",
            "subnet": [],
            "tags": null,
            "timeouts": null
          },
          "sensitive_attributes": [],
          "private": "eyJlMmJmYjczMC1lY2FhLTExZTYtOGY4OC0zNDM2M2JjN2M0YzAiOnsiY3JlYXRlIjoxODAwMDAwMDAwMDAwLCJkZWxldGUiOjE4MDAwMDAwMDAwMDAsInJlYWQiOjMwMDAwMDAwMDAwMCwidXBkYXRlIjoxODAwMDAwMDAwMDAwfX0=",
          "dependencies": [
            "azurerm_resource_group.monitoring_server_resource_group"
          ]
        }
      ]
    }
  ],
  "check_results": null
}
